
Microsoft Visual Studio Solution File, Format Version 12.00
# Visual Studio Version 17
VisualStudioVersion = 17.7.34031.279
MinimumVisualStudioVersion = 10.0.40219.1
Project("{FAE04EC0-301F-11D3-BF4B-00C04F79EFBC}") = "Examen01", "Examen01.csproj", "{882FA73B-42CF-4F52-853C-75A5D199509E}"
EndProject
Global
	GlobalSection(SolutionConfigurationPlatforms) = preSolution
		Debug|Any CPU = Debug|Any CPU
		Release|Any CPU = Release|Any CPU
	EndGlobalSection
	GlobalSection(ProjectConfigurationPlatforms) = postSolution
		{882FA73B-42CF-4F52-853C-75A5D199509E}.Debug|Any CPU.ActiveCfg = Debug|Any CPU
		{882FA73B-42CF-4F52-853C-75A5D199509E}.Debug|Any CPU.Build.0 = Debug|Any CPU
		{882FA73B-42CF-4F52-853C-75A5D199509E}.Release|Any CPU.ActiveCfg = Release|Any CPU
		{882FA73B-42CF-4F52-853C-75A5D199509E}.Release|Any CPU.Build.0 = Release|Any CPU
	EndGlobalSection
	GlobalSection(SolutionProperties) = preSolution
		HideSolutionNode = FALSE
	EndGlobalSection
	GlobalSection(ExtensibilityGlobals) = postSolution
		SolutionGuid = {4225C972-3D4D-474E-817B-F14554654606}
	EndGlobalSection
EndGlobal
